
Microsoft Visual Studio Solution File, Format Version 12.00
# Visual Studio Version 16
VisualStudioVersion = 16.0.30114.105
MinimumVisualStudioVersion = 10.0.40219.1
Project("{FAE04EC0-301F-11D3-BF4B-00C04F79EFBC}") = "helloworld", "helloworld\helloworld.csproj", "{D89F7E35-C345-4029-98B4-929C41385B0A}"
EndProject
Project("{FAE04EC0-301F-11D3-BF4B-00C04F79EFBC}") = "helloworld.Tests", "helloworld.Tests\helloworld.Tests.csproj", "{D0625B38-C97E-4737-A2B4-7C42BCB8CA7A}"
EndProject
Global
	GlobalSection(SolutionConfigurationPlatforms) = preSolution
		Debug|Any CPU = Debug|Any CPU
		Release|Any CPU = Release|Any CPU
	EndGlobalSection
	GlobalSection(SolutionProperties) = preSolution
		HideSolutionNode = FALSE
	EndGlobalSection
	GlobalSection(ProjectConfigurationPlatforms) = postSolution
		{D89F7E35-C345-4029-98B4-929C41385B0A}.Debug|Any CPU.ActiveCfg = Debug|Any CPU
		{D89F7E35-C345-4029-98B4-929C41385B0A}.Debug|Any CPU.Build.0 = Debug|Any CPU
		{D89F7E35-C345-4029-98B4-929C41385B0A}.Release|Any CPU.ActiveCfg = Release|Any CPU
		{D89F7E35-C345-4029-98B4-929C41385B0A}.Release|Any CPU.Build.0 = Release|Any CPU
		{D0625B38-C97E-4737-A2B4-7C42BCB8CA7A}.Debug|Any CPU.ActiveCfg = Debug|Any CPU
		{D0625B38-C97E-4737-A2B4-7C42BCB8CA7A}.Debug|Any CPU.Build.0 = Debug|Any CPU
		{D0625B38-C97E-4737-A2B4-7C42BCB8CA7A}.Release|Any CPU.ActiveCfg = Release|Any CPU
		{D0625B38-C97E-4737-A2B4-7C42BCB8CA7A}.Release|Any CPU.Build.0 = Release|Any CPU
	EndGlobalSection
EndGlobal
